
Microsoft Visual Studio Solution File, Format Version 12.00
# Visual Studio 15
VisualStudioVersion = 15.0.26228.12
MinimumVisualStudioVersion = 10.0.40219.1
Project("{FAE04EC0-301F-11D3-BF4B-00C04F79EFBC}") = "MetaGram.Converter", "MetaGram.Converter\MetaGram.Converter.csproj", "{CED2690F-0468-4DE3-AC3F-43536580E1DA}"
EndProject
Project("{FAE04EC0-301F-11D3-BF4B-00C04F79EFBC}") = "MetaGram", "MetaGram\MetaGram.csproj", "{500A0B54-8305-481A-B41D-2EAFD945C922}"
EndProject
Project("{FAE04EC0-301F-11D3-BF4B-00C04F79EFBC}") = "MetaGram.Converter.Console", "MetaGram.Converter.Console\MetaGram.Converter.Console.csproj", "{33BF9FB2-0177-464B-BD30-2E9E2AC7A5FB}"
EndProject
Global
	GlobalSection(SolutionConfigurationPlatforms) = preSolution
		Debug|Any CPU = Debug|Any CPU
		Release|Any CPU = Release|Any CPU
	EndGlobalSection
	GlobalSection(ProjectConfigurationPlatforms) = postSolution
		{CED2690F-0468-4DE3-AC3F-43536580E1DA}.Debug|Any CPU.ActiveCfg = Debug|Any CPU
		{CED2690F-0468-4DE3-AC3F-43536580E1DA}.Debug|Any CPU.Build.0 = Debug|Any CPU
		{CED2690F-0468-4DE3-AC3F-43536580E1DA}.Release|Any CPU.ActiveCfg = Release|Any CPU
		{CED2690F-0468-4DE3-AC3F-43536580E1DA}.Release|Any CPU.Build.0 = Release|Any CPU
		{500A0B54-8305-481A-B41D-2EAFD945C922}.Debug|Any CPU.ActiveCfg = Debug|Any CPU
		{500A0B54-8305-481A-B41D-2EAFD945C922}.Debug|Any CPU.Build.0 = Debug|Any CPU
		{500A0B54-8305-481A-B41D-2EAFD945C922}.Release|Any CPU.ActiveCfg = Release|Any CPU
		{500A0B54-8305-481A-B41D-2EAFD945C922}.Release|Any CPU.Build.0 = Release|Any CPU
		{33BF9FB2-0177-464B-BD30-2E9E2AC7A5FB}.Debug|Any CPU.ActiveCfg = Debug|Any CPU
		{33BF9FB2-0177-464B-BD30-2E9E2AC7A5FB}.Debug|Any CPU.Build.0 = Debug|Any CPU
		{33BF9FB2-0177-464B-BD30-2E9E2AC7A5FB}.Release|Any CPU.ActiveCfg = Release|Any CPU
		{33BF9FB2-0177-464B-BD30-2E9E2AC7A5FB}.Release|Any CPU.Build.0 = Release|Any CPU
	EndGlobalSection
	GlobalSection(SolutionProperties) = preSolution
		HideSolutionNode = FALSE
	EndGlobalSection
EndGlobal
